
Microsoft Visual Studio Solution File, Format Version 12.00
# Visual Studio Version 16
VisualStudioVersion = 16.0.31410.357
MinimumVisualStudioVersion = 10.0.40219.1
Project("{9A19103F-16F7-4668-BE54-9A1E7A4F7556}") = "BIT.SOLUTION.DL", "BIT.SOLUTION.DL\BIT.SOLUTION.DL.csproj", "{0C55C7DF-0137-4640-8C20-49A71B4A206C}"
EndProject
Project("{9A19103F-16F7-4668-BE54-9A1E7A4F7556}") = "BIT.SOLUTION.DbHepper", "BIT.SOLUTION.DbHepper\BIT.SOLUTION.DbHepper.csproj", "{104CB2E7-A9E0-4C85-AC1C-D88E5F0FFD39}"
EndProject
Project("{9A19103F-16F7-4668-BE54-9A1E7A4F7556}") = "BIT.SOLUTION.Data", "BIT.SOLUTION.Data\BIT.SOLUTION.Data.csproj", "{756D2EB3-53B7-4DB6-BC62-B9CBDE5193A0}"
EndProject
Project("{9A19103F-16F7-4668-BE54-9A1E7A4F7556}") = "BIT.SOLUTION.Common", "BIT.SOLUTION.Common\BIT.SOLUTION.Common.csproj", "{54142934-110E-46CF-B62D-CAD8B15623AE}"
EndProject
Project("{9A19103F-16F7-4668-BE54-9A1E7A4F7556}") = "BIT.SOLUTION.Lib", "BIT.SOLUTION.Lib\BIT.SOLUTION.Lib.csproj", "{DFC0215D-2E5C-4658-97E1-B54406F66E43}"
EndProject
Project("{9A19103F-16F7-4668-BE54-9A1E7A4F7556}") = "BIT.SOLUTION.BaseApi", "BIT.SOLUTION.BaseApi\BIT.SOLUTION.BaseApi.csproj", "{53C9E5AF-4866-439A-BC3B-7A6DFB448C49}"
EndProject
Project("{9A19103F-16F7-4668-BE54-9A1E7A4F7556}") = "BIT.SOLUTION.API", "BIT.SOLUTION.API\BIT.SOLUTION.API.csproj", "{55770036-75FB-4396-8401-EF6EE4186D3B}"
EndProject
Project("{9A19103F-16F7-4668-BE54-9A1E7A4F7556}") = "BIT.SOLUTION.MODEL", "BIT.SOLUTION.MODEL\BIT.SOLUTION.MODEL.csproj", "{D1E4039A-448B-40EA-916A-C8EB4144F5F1}"
EndProject
Project("{9A19103F-16F7-4668-BE54-9A1E7A4F7556}") = "BIT.SOLUTION.SERVICE", "BIT.SOLUTION.SERVICE\BIT.SOLUTION.SERVICE.csproj", "{AAEC0A57-59E2-4489-8FD2-705652E6D8C8}"
EndProject
Global
	GlobalSection(SolutionConfigurationPlatforms) = preSolution
		Debug|Any CPU = Debug|Any CPU
		Release|Any CPU = Release|Any CPU
	EndGlobalSection
	GlobalSection(ProjectConfigurationPlatforms) = postSolution
		{0C55C7DF-0137-4640-8C20-49A71B4A206C}.Debug|Any CPU.ActiveCfg = Debug|Any CPU
		{0C55C7DF-0137-4640-8C20-49A71B4A206C}.Debug|Any CPU.Build.0 = Debug|Any CPU
		{0C55C7DF-0137-4640-8C20-49A71B4A206C}.Release|Any CPU.ActiveCfg = Release|Any CPU
		{0C55C7DF-0137-4640-8C20-49A71B4A206C}.Release|Any CPU.Build.0 = Release|Any CPU
		{104CB2E7-A9E0-4C85-AC1C-D88E5F0FFD39}.Debug|Any CPU.ActiveCfg = Debug|Any CPU
		{104CB2E7-A9E0-4C85-AC1C-D88E5F0FFD39}.Debug|Any CPU.Build.0 = Debug|Any CPU
		{104CB2E7-A9E0-4C85-AC1C-D88E5F0FFD39}.Release|Any CPU.ActiveCfg = Release|Any CPU
		{104CB2E7-A9E0-4C85-AC1C-D88E5F0FFD39}.Release|Any CPU.Build.0 = Release|Any CPU
		{756D2EB3-53B7-4DB6-BC62-B9CBDE5193A0}.Debug|Any CPU.ActiveCfg = Debug|Any CPU
		{756D2EB3-53B7-4DB6-BC62-B9CBDE5193A0}.Debug|Any CPU.Build.0 = Debug|Any CPU
		{756D2EB3-53B7-4DB6-BC62-B9CBDE5193A0}.Release|Any CPU.ActiveCfg = Release|Any CPU
		{756D2EB3-53B7-4DB6-BC62-B9CBDE5193A0}.Release|Any CPU.Build.0 = Release|Any CPU
		{54142934-110E-46CF-B62D-CAD8B15623AE}.Debug|Any CPU.ActiveCfg = Debug|Any CPU
		{54142934-110E-46CF-B62D-CAD8B15623AE}.Debug|Any CPU.Build.0 = Debug|Any CPU
		{54142934-110E-46CF-B62D-CAD8B15623AE}.Release|Any CPU.ActiveCfg = Release|Any CPU
		{54142934-110E-46CF-B62D-CAD8B15623AE}.Release|Any CPU.Build.0 = Release|Any CPU
		{DFC0215D-2E5C-4658-97E1-B54406F66E43}.Debug|Any CPU.ActiveCfg = Debug|Any CPU
		{DFC0215D-2E5C-4658-97E1-B54406F66E43}.Debug|Any CPU.Build.0 = Debug|Any CPU
		{DFC0215D-2E5C-4658-97E1-B54406F66E43}.Release|Any CPU.ActiveCfg = Release|Any CPU
		{DFC0215D-2E5C-4658-97E1-B54406F66E43}.Release|Any CPU.Build.0 = Release|Any CPU
		{53C9E5AF-4866-439A-BC3B-7A6DFB448C49}.Debug|Any CPU.ActiveCfg = Debug|Any CPU
		{53C9E5AF-4866-439A-BC3B-7A6DFB448C49}.Debug|Any CPU.Build.0 = Debug|Any CPU
		{53C9E5AF-4866-439A-BC3B-7A6DFB448C49}.Release|Any CPU.ActiveCfg = Release|Any CPU
		{53C9E5AF-4866-439A-BC3B-7A6DFB448C49}.Release|Any CPU.Build.0 = Release|Any CPU
		{55770036-75FB-4396-8401-EF6EE4186D3B}.Debug|Any CPU.ActiveCfg = Debug|Any CPU
		{55770036-75FB-4396-8401-EF6EE4186D3B}.Debug|Any CPU.Build.0 = Debug|Any CPU
		{55770036-75FB-4396-8401-EF6EE4186D3B}.Release|Any CPU.ActiveCfg = Release|Any CPU
		{55770036-75FB-4396-8401-EF6EE4186D3B}.Release|Any CPU.Build.0 = Release|Any CPU
		{D1E4039A-448B-40EA-916A-C8EB4144F5F1}.Debug|Any CPU.ActiveCfg = Debug|Any CPU
		{D1E4039A-448B-40EA-916A-C8EB4144F5F1}.Debug|Any CPU.Build.0 = Debug|Any CPU
		{D1E4039A-448B-40EA-916A-C8EB4144F5F1}.Release|Any CPU.ActiveCfg = Release|Any CPU
		{D1E4039A-448B-40EA-916A-C8EB4144F5F1}.Release|Any CPU.Build.0 = Release|Any CPU
		{AAEC0A57-59E2-4489-8FD2-705652E6D8C8}.Debug|Any CPU.ActiveCfg = Debug|Any CPU
		{AAEC0A57-59E2-4489-8FD2-705652E6D8C8}.Debug|Any CPU.Build.0 = Debug|Any CPU
		{AAEC0A57-59E2-4489-8FD2-705652E6D8C8}.Release|Any CPU.ActiveCfg = Release|Any CPU
		{AAEC0A57-59E2-4489-8FD2-705652E6D8C8}.Release|Any CPU.Build.0 = Release|Any CPU
	EndGlobalSection
	GlobalSection(SolutionProperties) = preSolution
		HideSolutionNode = FALSE
	EndGlobalSection
	GlobalSection(ExtensibilityGlobals) = postSolution
		SolutionGuid = {79133AEF-A5A9-4F37-807E-567785F0C3F8}
	EndGlobalSection
EndGlobal
